{
  "name": "zorro-demo",
  "version": "0.0.0",
  "lockfileVersion": 1,
  "requires": true,
  "dependencies": {
    "@angular/animations": {
      "version": "5.0.0",
      "resolved": "https://registry.npmjs.org/@angular/animations/-/animations-5.0.0.tgz",
      "integrity": "sha1-ta0ZnGf5P3WVREd+/+ZnnhVJkfs=",
      "requires": {
        "tslib": "1.8.0"
      }
    },
    "@angular/cdk": {
      "version": "2.0.0-beta.8",
      "resolved": "https://registry.npmjs.org/@angular/cdk/-/cdk-2.0.0-beta.8.tgz",
      "integrity": "sha512-OOtK+AA14cmRG9AbUgvoKC9Tooz0N37GTaRSV+xziC8GxXHgwvTu4PFSFHlBnHPipOYC/tB2oP39j3KuurEMPA==",
      "requires": {
        "tslib": "1.8.0"
      }
    },
    "@angular/common": {
      "version": "5.0.0",
      "resolved": "https://registry.npmjs.org/@angular/common/-/common-5.0.0.tgz",
      "integrity": "sha1-+W1mpRe5ldG6mygwnxXC41lnWCU=",
      "requires": {
        "tslib": "1.8.0"
      }
    },
    "@angular/compiler": {
      "version": "5.0.0",
      "resolved": "https://registry.npmjs.org/@angular/compiler/-/compiler-5.0.0.tgz",
      "integrity": "sha1-uf+/GMijnYt9rOxHMZOpDiTMK8k=",
      "requires": {
        "tslib": "1.8.0"
      }
    },
    "@angular/core": {
      "version": "5.0.0",
      "resolved": "https://registry.npmjs.org/@angular/core/-/core-5.0.0.tgz",
      "integrity": "sha1-T5dqIl993fNJkvLK2CTJVDpG9Mg=",
      "requires": {
        "tslib": "1.8.0"
      }
    },
    "@angular/forms": {
      "version": "5.0.0",
      "resolved": "https://registry.npmjs.org/@angular/forms/-/forms-5.0.0.tgz",
      "integrity": "sha1-x/3fo1OWdZrphSkgowzdqMQe0d4=",
      "requires": {
        "tslib": "1.8.0"
      }
    },
    "@angular/http": {
      "version": "5.0.0",
      "resolved": "https://registry.npmjs.org/@angular/http/-/http-5.0.0.tgz",
      "integrity": "sha1-Byiivgz7sHhyfF64fUyF1T/smlE=",
      "requires": {
        "tslib": "1.8.0"
      }
    },
    "@angular/platform-browser": {
      "version": "5.0.0",
      "resolved": "https://registry.npmjs.org/@angular/platform-browser/-/platform-browser-5.0.0.tgz",
      "integrity": "sha1-xwOPfN6AcFtiAUiXIx4YLuyXb+0=",
      "requires": {
        "tslib": "1.8.0"
      }
    },
    "@angular/platform-browser-dynamic": {
      "version": "5.0.0",
      "resolved": "https://registry.npmjs.org/@angular/platform-browser-dynamic/-/platform-browser-dynamic-5.0.0.tgz",
      "integrity": "sha1-iH4QbIsQOwQVz2FWpCXabYP0yJ0=",
      "requires": {
        "tslib": "1.8.0"
      }
    },
    "@angular/router": {
      "version": "5.0.0",
      "resolved": "https://registry.npmjs.org/@angular/router/-/router-5.0.0.tgz",
      "integrity": "sha1-/ktSGmc4QIvOMPk6U0mRQMk6T3Y=",
      "requires": {
        "tslib": "1.8.0"
      }
    },
    "angular-2-local-storage": {
      "version": "1.0.1",
      "resolved": "https://registry.npmjs.org/angular-2-local-storage/-/angular-2-local-storage-1.0.1.tgz",
      "integrity": "sha1-O4RskLL//JEk97rMNH8i0EOh46Q="
    },
    "core-js": {
      "version": "2.5.1",
      "resolved": "https://registry.npmjs.org/core-js/-/core-js-2.5.1.tgz",
      "integrity": "sha1-rmh03GaTd4m4B1T/VCjfZoGcpQs="
    },
    "moment": {
      "version": "2.19.1",
      "resolved": "https://registry.npmjs.org/moment/-/moment-2.19.1.tgz",
      "integrity": "sha1-VtoaLRy/AdOLfhr8McELz6GSkWc="
    },
    "ng-zorro-antd": {
      "version": "0.5.5",
      "resolved": "https://registry.npmjs.org/ng-zorro-antd/-/ng-zorro-antd-0.5.5.tgz",
      "integrity": "sha1-dZw7CQbpWllXdTwLJGLqQcM+SBM=",
      "requires": {
        "@angular/cdk": "2.0.0-beta.8",
        "moment": "2.19.1",
        "tslib": "1.8.0"
      }
    },
    "rxjs": {
      "version": "5.5.2",
      "resolved": "https://registry.npmjs.org/rxjs/-/rxjs-5.5.2.tgz",
      "integrity": "sha512-oRYoIKWBU3Ic37fLA5VJu31VqQO4bWubRntcHSJ+cwaDQBwdnZ9x4zmhJfm/nFQ2E82/I4loSioHnACamrKGgA==",
      "requires": {
        "symbol-observable": "1.0.4"
      }
    },
    "symbol-observable": {
      "version": "1.0.4",
      "resolved": "https://registry.npmjs.org/symbol-observable/-/symbol-observable-1.0.4.tgz",
      "integrity": "sha1-Kb9hXUqnEhvdiYsi1LP5vE4qoD0="
    },
    "tslib": {
      "version": "1.8.0",
      "resolved": "https://registry.npmjs.org/tslib/-/tslib-1.8.0.tgz",
      "integrity": "sha512-ymKWWZJST0/CkgduC2qkzjMOWr4bouhuURNXCn/inEX0L57BnRG6FhX76o7FOnsjHazCjfU2LKeSrlS2sIKQJg=="
    },
    "zone.js": {
      "version": "0.8.18",
      "resolved": "https://registry.npmjs.org/zone.js/-/zone.js-0.8.18.tgz",
      "integrity": "sha512-knKOBQM0oea3/x9pdyDuDi7RhxDlJhOIkeixXSiTKWLgs4LpK37iBc+1HaHwzlciHUKT172CymJFKo8Xgh+44Q=="
    }
  }
}
